
Microsoft Visual Studio Solution File, Format Version 12.00
# Visual Studio Version 16
VisualStudioVersion = 16.0.33328.57
MinimumVisualStudioVersion = 10.0.40219.1
Project("{FAE04EC0-301F-11D3-BF4B-00C04F79EFBC}") = "lab-10", "lab-10\lab-10.csproj", "{89EDB1C7-7443-4CEB-A143-237520F01799}"
EndProject
Global
	GlobalSection(SolutionConfigurationPlatforms) = preSolution
		Debug|Any CPU = Debug|Any CPU
		Release|Any CPU = Release|Any CPU
	EndGlobalSection
	GlobalSection(ProjectConfigurationPlatforms) = postSolution
		{89EDB1C7-7443-4CEB-A143-237520F01799}.Debug|Any CPU.ActiveCfg = Debug|Any CPU
		{89EDB1C7-7443-4CEB-A143-237520F01799}.Debug|Any CPU.Build.0 = Debug|Any CPU
		{89EDB1C7-7443-4CEB-A143-237520F01799}.Release|Any CPU.ActiveCfg = Release|Any CPU
		{89EDB1C7-7443-4CEB-A143-237520F01799}.Release|Any CPU.Build.0 = Release|Any CPU
	EndGlobalSection
	GlobalSection(SolutionProperties) = preSolution
		HideSolutionNode = FALSE
	EndGlobalSection
	GlobalSection(ExtensibilityGlobals) = postSolution
		SolutionGuid = {7E36D5D2-F65A-4C69-A2B4-D0854EFD737E}
	EndGlobalSection
EndGlobal
