
Microsoft Visual Studio Solution File, Format Version 12.00
# Visual Studio Version 16
VisualStudioVersion = 16.0.33328.57
MinimumVisualStudioVersion = 10.0.40219.1
Project("{FAE04EC0-301F-11D3-BF4B-00C04F79EFBC}") = "lab-6", "lab-6\lab-6.csproj", "{06030FBC-49AA-42D4-98B0-2ECC4D8378F7}"
EndProject
Global
	GlobalSection(SolutionConfigurationPlatforms) = preSolution
		Debug|Any CPU = Debug|Any CPU
		Release|Any CPU = Release|Any CPU
	EndGlobalSection
	GlobalSection(ProjectConfigurationPlatforms) = postSolution
		{06030FBC-49AA-42D4-98B0-2ECC4D8378F7}.Debug|Any CPU.ActiveCfg = Debug|Any CPU
		{06030FBC-49AA-42D4-98B0-2ECC4D8378F7}.Debug|Any CPU.Build.0 = Debug|Any CPU
		{06030FBC-49AA-42D4-98B0-2ECC4D8378F7}.Release|Any CPU.ActiveCfg = Release|Any CPU
		{06030FBC-49AA-42D4-98B0-2ECC4D8378F7}.Release|Any CPU.Build.0 = Release|Any CPU
	EndGlobalSection
	GlobalSection(SolutionProperties) = preSolution
		HideSolutionNode = FALSE
	EndGlobalSection
	GlobalSection(ExtensibilityGlobals) = postSolution
		SolutionGuid = {0B26E6A6-DBAE-4B31-898F-6642BF2E9AFD}
	EndGlobalSection
EndGlobal
