
Microsoft Visual Studio Solution File, Format Version 12.00
# Visual Studio Version 16
VisualStudioVersion = 16.0.33328.57
MinimumVisualStudioVersion = 10.0.40219.1
Project("{FAE04EC0-301F-11D3-BF4B-00C04F79EFBC}") = "lab-11", "lab-11\lab-11.csproj", "{8B41C177-49E6-4FEB-AD68-6C2668E1FFD6}"
EndProject
Global
	GlobalSection(SolutionConfigurationPlatforms) = preSolution
		Debug|Any CPU = Debug|Any CPU
		Release|Any CPU = Release|Any CPU
	EndGlobalSection
	GlobalSection(ProjectConfigurationPlatforms) = postSolution
		{8B41C177-49E6-4FEB-AD68-6C2668E1FFD6}.Debug|Any CPU.ActiveCfg = Debug|Any CPU
		{8B41C177-49E6-4FEB-AD68-6C2668E1FFD6}.Debug|Any CPU.Build.0 = Debug|Any CPU
		{8B41C177-49E6-4FEB-AD68-6C2668E1FFD6}.Release|Any CPU.ActiveCfg = Release|Any CPU
		{8B41C177-49E6-4FEB-AD68-6C2668E1FFD6}.Release|Any CPU.Build.0 = Release|Any CPU
	EndGlobalSection
	GlobalSection(SolutionProperties) = preSolution
		HideSolutionNode = FALSE
	EndGlobalSection
	GlobalSection(ExtensibilityGlobals) = postSolution
		SolutionGuid = {41B0CCAC-A89D-4AAB-B993-B7323FAE9FBD}
	EndGlobalSection
EndGlobal
