
Microsoft Visual Studio Solution File, Format Version 12.00
# Visual Studio Version 16
VisualStudioVersion = 16.0.33328.57
MinimumVisualStudioVersion = 10.0.40219.1
Project("{FAE04EC0-301F-11D3-BF4B-00C04F79EFBC}") = "lab-7", "lab-7\lab-7.csproj", "{C5237036-D798-48E6-A10C-689BDB12FFC4}"
EndProject
Global
	GlobalSection(SolutionConfigurationPlatforms) = preSolution
		Debug|Any CPU = Debug|Any CPU
		Release|Any CPU = Release|Any CPU
	EndGlobalSection
	GlobalSection(ProjectConfigurationPlatforms) = postSolution
		{C5237036-D798-48E6-A10C-689BDB12FFC4}.Debug|Any CPU.ActiveCfg = Debug|Any CPU
		{C5237036-D798-48E6-A10C-689BDB12FFC4}.Debug|Any CPU.Build.0 = Debug|Any CPU
		{C5237036-D798-48E6-A10C-689BDB12FFC4}.Release|Any CPU.ActiveCfg = Release|Any CPU
		{C5237036-D798-48E6-A10C-689BDB12FFC4}.Release|Any CPU.Build.0 = Release|Any CPU
	EndGlobalSection
	GlobalSection(SolutionProperties) = preSolution
		HideSolutionNode = FALSE
	EndGlobalSection
	GlobalSection(ExtensibilityGlobals) = postSolution
		SolutionGuid = {473B6CED-AF4F-49D0-88E7-F0EA3A1D0D1A}
	EndGlobalSection
EndGlobal
