
Microsoft Visual Studio Solution File, Format Version 12.00
# Visual Studio Version 16
VisualStudioVersion = 16.0.33328.57
MinimumVisualStudioVersion = 10.0.40219.1
Project("{FAE04EC0-301F-11D3-BF4B-00C04F79EFBC}") = "lab-3", "lab-3\lab-3.csproj", "{6AFC24B8-3A11-424A-ADCF-2C0DCA41B9B8}"
EndProject
Global
	GlobalSection(SolutionConfigurationPlatforms) = preSolution
		Debug|Any CPU = Debug|Any CPU
		Release|Any CPU = Release|Any CPU
	EndGlobalSection
	GlobalSection(ProjectConfigurationPlatforms) = postSolution
		{6AFC24B8-3A11-424A-ADCF-2C0DCA41B9B8}.Debug|Any CPU.ActiveCfg = Debug|Any CPU
		{6AFC24B8-3A11-424A-ADCF-2C0DCA41B9B8}.Debug|Any CPU.Build.0 = Debug|Any CPU
		{6AFC24B8-3A11-424A-ADCF-2C0DCA41B9B8}.Release|Any CPU.ActiveCfg = Release|Any CPU
		{6AFC24B8-3A11-424A-ADCF-2C0DCA41B9B8}.Release|Any CPU.Build.0 = Release|Any CPU
	EndGlobalSection
	GlobalSection(SolutionProperties) = preSolution
		HideSolutionNode = FALSE
	EndGlobalSection
	GlobalSection(ExtensibilityGlobals) = postSolution
		SolutionGuid = {36536D8A-D766-4C87-8C82-C3AB1EDB1EB2}
	EndGlobalSection
EndGlobal
